// !$*UTF8*$!
{
	archiveVersion = 1;
	classes = {
	};
	objectVersion = 50;
	objects = {

/* Begin PBXBuildFile section */
		E7197862220B49B300CCB059 /* SettingsViewController.swift in Sources */ = {isa = PBXBuildFile; fileRef = E7197861220B49B300CCB059 /* SettingsViewController.swift */; };
		E7197864220CCF5600CCB059 /* APIObjects.swift in Sources */ = {isa = PBXBuildFile; fileRef = E7197863220CCF5600CCB059 /* APIObjects.swift */; };
		E7197866220CD12C00CCB059 /* Controller.swift in Sources */ = {isa = PBXBuildFile; fileRef = E7197865220CD12C00CCB059 /* Controller.swift */; };
		E73E62AE220D78800097E322 /* WorkerTableViewCell.swift in Sources */ = {isa = PBXBuildFile; fileRef = E73E62AD220D78800097E322 /* WorkerTableViewCell.swift */; };
		E742FB4F2208A52000B731CF /* AppDelegate.swift in Sources */ = {isa = PBXBuildFile; fileRef = E742FB4E2208A52000B731CF /* AppDelegate.swift */; };
		E742FB512208A52000B731CF /* ViewController.swift in Sources */ = {isa = PBXBuildFile; fileRef = E742FB502208A52000B731CF /* ViewController.swift */; };
		E742FB542208A52000B731CF /* Main.storyboard in Resources */ = {isa = PBXBuildFile; fileRef = E742FB522208A52000B731CF /* Main.storyboard */; };
		E742FB562208A52100B731CF /* Assets.xcassets in Resources */ = {isa = PBXBuildFile; fileRef = E742FB552208A52100B731CF /* Assets.xcassets */; };
		E742FB592208A52100B731CF /* LaunchScreen.storyboard in Resources */ = {isa = PBXBuildFile; fileRef = E742FB572208A52100B731CF /* LaunchScreen.storyboard */; };
		E742FB632208A63600B731CF /* SourceSansPro-Light.ttf in Resources */ = {isa = PBXBuildFile; fileRef = E742FB622208A63600B731CF /* SourceSansPro-Light.ttf */; };
		E742FB672208B95400B731CF /* LoginViewController.swift in Sources */ = {isa = PBXBuildFile; fileRef = E742FB662208B95400B731CF /* LoginViewController.swift */; };
		E742FB692208B99700B731CF /* SignupViewController.swift in Sources */ = {isa = PBXBuildFile; fileRef = E742FB682208B99700B731CF /* SignupViewController.swift */; };
		E742FB6B2208C88600B731CF /* ProfileCompletionViewController.swift in Sources */ = {isa = PBXBuildFile; fileRef = E742FB6A2208C88600B731CF /* ProfileCompletionViewController.swift */; };
		E742FB6E2208C8B900B731CF /* ProfileViewController.swift in Sources */ = {isa = PBXBuildFile; fileRef = E742FB6D2208C8B900B731CF /* ProfileViewController.swift */; };
		E742FB702209026800B731CF /* Raleway-Bold.ttf in Resources */ = {isa = PBXBuildFile; fileRef = E742FB6F2209026800B731CF /* Raleway-Bold.ttf */; };
		E742FB72220A0D5200B731CF /* RecentTipsViewController.swift in Sources */ = {isa = PBXBuildFile; fileRef = E742FB71220A0D5200B731CF /* RecentTipsViewController.swift */; };
		E742FB74220A0D7E00B731CF /* TipDetailViewController.swift in Sources */ = {isa = PBXBuildFile; fileRef = E742FB73220A0D7E00B731CF /* TipDetailViewController.swift */; };
		E742FB76220A0E1000B731CF /* TipTableViewCell.swift in Sources */ = {isa = PBXBuildFile; fileRef = E742FB75220A0E1000B731CF /* TipTableViewCell.swift */; };
		E742FB7C220A339400B731CF /* TipViewController.swift in Sources */ = {isa = PBXBuildFile; fileRef = E742FB7B220A339400B731CF /* TipViewController.swift */; };
		E742FB7E220A33CA00B731CF /* SendingTipDetailViewController.swift in Sources */ = {isa = PBXBuildFile; fileRef = E742FB7D220A33CA00B731CF /* SendingTipDetailViewController.swift */; };
/* End PBXBuildFile section */

/* Begin PBXFileReference section */
		E7197861220B49B300CCB059 /* SettingsViewController.swift */ = {isa = PBXFileReference; lastKnownFileType = sourcecode.swift; path = SettingsViewController.swift; sourceTree = "<group>"; };
		E7197863220CCF5600CCB059 /* APIObjects.swift */ = {isa = PBXFileReference; lastKnownFileType = sourcecode.swift; path = APIObjects.swift; sourceTree = "<group>"; };
		E7197865220CD12C00CCB059 /* Controller.swift */ = {isa = PBXFileReference; lastKnownFileType = sourcecode.swift; path = Controller.swift; sourceTree = "<group>"; };
		E73E62AD220D78800097E322 /* WorkerTableViewCell.swift */ = {isa = PBXFileReference; lastKnownFileType = sourcecode.swift; path = WorkerTableViewCell.swift; sourceTree = "<group>"; };
		E742FB4B2208A52000B731CF /* Tippr.app */ = {isa = PBXFileReference; explicitFileType = wrapper.application; includeInIndex = 0; path = Tippr.app; sourceTree = BUILT_PRODUCTS_DIR; };
		E742FB4E2208A52000B731CF /* AppDelegate.swift */ = {isa = PBXFileReference; lastKnownFileType = sourcecode.swift; path = AppDelegate.swift; sourceTree = "<group>"; };
		E742FB502208A52000B731CF /* ViewController.swift */ = {isa = PBXFileReference; lastKnownFileType = sourcecode.swift; path = ViewController.swift; sourceTree = "<group>"; };
		E742FB532208A52000B731CF /* Base */ = {isa = PBXFileReference; lastKnownFileType = file.storyboard; name = Base; path = Base.lproj/Main.storyboard; sourceTree = "<group>"; };
		E742FB552208A52100B731CF /* Assets.xcassets */ = {isa = PBXFileReference; lastKnownFileType = folder.assetcatalog; path = Assets.xcassets; sourceTree = "<group>"; };
		E742FB582208A52100B731CF /* Base */ = {isa = PBXFileReference; lastKnownFileType = file.storyboard; name = Base; path = Base.lproj/LaunchScreen.storyboard; sourceTree = "<group>"; };
		E742FB5A2208A52100B731CF /* Info.plist */ = {isa = PBXFileReference; lastKnownFileType = text.plist.xml; path = Info.plist; sourceTree = "<group>"; };
		E742FB622208A63600B731CF /* SourceSansPro-Light.ttf */ = {isa = PBXFileReference; lastKnownFileType = file; path = "SourceSansPro-Light.ttf"; sourceTree = "<group>"; };
		E742FB662208B95400B731CF /* LoginViewController.swift */ = {isa = PBXFileReference; lastKnownFileType = sourcecode.swift; path = LoginViewController.swift; sourceTree = "<group>"; };
		E742FB682208B99700B731CF /* SignupViewController.swift */ = {isa = PBXFileReference; lastKnownFileType = sourcecode.swift; path = SignupViewController.swift; sourceTree = "<group>"; };
		E742FB6A2208C88600B731CF /* ProfileCompletionViewController.swift */ = {isa = PBXFileReference; lastKnownFileType = sourcecode.swift; path = ProfileCompletionViewController.swift; sourceTree = "<group>"; };
		E742FB6D2208C8B900B731CF /* ProfileViewController.swift */ = {isa = PBXFileReference; lastKnownFileType = sourcecode.swift; path = ProfileViewController.swift; sourceTree = "<group>"; };
		E742FB6F2209026800B731CF /* Raleway-Bold.ttf */ = {isa = PBXFileReference; lastKnownFileType = file; name = "Raleway-Bold.ttf"; path = "../../../../Assets/fonts/Raleway/Raleway-Bold.ttf"; sourceTree = "<group>"; };
		E742FB71220A0D5200B731CF /* RecentTipsViewController.swift */ = {isa = PBXFileReference; lastKnownFileType = sourcecode.swift; path = RecentTipsViewController.swift; sourceTree = "<group>"; };
		E742FB73220A0D7E00B731CF /* TipDetailViewController.swift */ = {isa = PBXFileReference; lastKnownFileType = sourcecode.swift; path = TipDetailViewController.swift; sourceTree = "<group>"; };
		E742FB75220A0E1000B731CF /* TipTableViewCell.swift */ = {isa = PBXFileReference; lastKnownFileType = sourcecode.swift; path = TipTableViewCell.swift; sourceTree = "<group>"; };
		E742FB7B220A339400B731CF /* TipViewController.swift */ = {isa = PBXFileReference; lastKnownFileType = sourcecode.swift; path = TipViewController.swift; sourceTree = "<group>"; };
		E742FB7D220A33CA00B731CF /* SendingTipDetailViewController.swift */ = {isa = PBXFileReference; lastKnownFileType = sourcecode.swift; path = SendingTipDetailViewController.swift; sourceTree = "<group>"; };
/* End PBXFileReference section */

/* Begin PBXFrameworksBuildPhase section */
		E742FB482208A52000B731CF /* Frameworks */ = {
			isa = PBXFrameworksBuildPhase;
			buildActionMask = 2147483647;
			files = (
			);
			runOnlyForDeploymentPostprocessing = 0;
		};
/* End PBXFrameworksBuildPhase section */

/* Begin PBXGroup section */
		E73E62A9220D3DED0097E322 /* Controller */ = {
			isa = PBXGroup;
			children = (
				E7197865220CD12C00CCB059 /* Controller.swift */,
			);
			path = Controller;
			sourceTree = "<group>";
		};
		E73E62AA220D73980097E322 /* Object */ = {
			isa = PBXGroup;
			children = (
				E7197863220CCF5600CCB059 /* APIObjects.swift */,
			);
			path = Object;
			sourceTree = "<group>";
		};
		E742FB422208A52000B731CF = {
			isa = PBXGroup;
			children = (
				E742FB4D2208A52000B731CF /* Tippr */,
				E742FB4C2208A52000B731CF /* Products */,
			);
			sourceTree = "<group>";
		};
		E742FB4C2208A52000B731CF /* Products */ = {
			isa = PBXGroup;
			children = (
				E742FB4B2208A52000B731CF /* Tippr.app */,
			);
			name = Products;
			sourceTree = "<group>";
		};
		E742FB4D2208A52000B731CF /* Tippr */ = {
			isa = PBXGroup;
			children = (
				E742FB78220A0E1F00B731CF /* Delegates */,
				E73E62A9220D3DED0097E322 /* Controller */,
				E742FB77220A0E1700B731CF /* Custom Cells */,
				E742FB6C2208C89600B731CF /* View Controllers */,
				E742FB522208A52000B731CF /* Main.storyboard */,
				E73E62AA220D73980097E322 /* Object */,
				E742FB552208A52100B731CF /* Assets.xcassets */,
				E742FB572208A52100B731CF /* LaunchScreen.storyboard */,
				E742FB5A2208A52100B731CF /* Info.plist */,
				E742FB612208A61B00B731CF /* Resources */,
			);
			path = Tippr;
			sourceTree = "<group>";
		};
		E742FB612208A61B00B731CF /* Resources */ = {
			isa = PBXGroup;
			children = (
				E742FB6F2209026800B731CF /* Raleway-Bold.ttf */,
				E742FB622208A63600B731CF /* SourceSansPro-Light.ttf */,
			);
			path = Resources;
			sourceTree = "<group>";
		};
		E742FB6C2208C89600B731CF /* View Controllers */ = {
			isa = PBXGroup;
			children = (
				E742FB73220A0D7E00B731CF /* TipDetailViewController.swift */,
				E742FB71220A0D5200B731CF /* RecentTipsViewController.swift */,
				E742FB6D2208C8B900B731CF /* ProfileViewController.swift */,
				E742FB502208A52000B731CF /* ViewController.swift */,
				E742FB6A2208C88600B731CF /* ProfileCompletionViewController.swift */,
				E742FB662208B95400B731CF /* LoginViewController.swift */,
				E742FB682208B99700B731CF /* SignupViewController.swift */,
				E742FB7B220A339400B731CF /* TipViewController.swift */,
				E742FB7D220A33CA00B731CF /* SendingTipDetailViewController.swift */,
				E7197861220B49B300CCB059 /* SettingsViewController.swift */,
			);
			path = "View Controllers";
			sourceTree = "<group>";
		};
		E742FB77220A0E1700B731CF /* Custom Cells */ = {
			isa = PBXGroup;
			children = (
				E742FB75220A0E1000B731CF /* TipTableViewCell.swift */,
				E73E62AD220D78800097E322 /* WorkerTableViewCell.swift */,
			);
			path = "Custom Cells";
			sourceTree = "<group>";
		};
		E742FB78220A0E1F00B731CF /* Delegates */ = {
			isa = PBXGroup;
			children = (
				E742FB4E2208A52000B731CF /* AppDelegate.swift */,
			);
			path = Delegates;
			sourceTree = "<group>";
		};
/* End PBXGroup section */

/* Begin PBXNativeTarget section */
		E742FB4A2208A52000B731CF /* Tippr */ = {
			isa = PBXNativeTarget;
			buildConfigurationList = E742FB5D2208A52100B731CF /* Build configuration list for PBXNativeTarget "Tippr" */;
			buildPhases = (
				E742FB472208A52000B731CF /* Sources */,
				E742FB482208A52000B731CF /* Frameworks */,
				E742FB492208A52000B731CF /* Resources */,
			);
			buildRules = (
			);
			dependencies = (
			);
			name = Tippr;
			productName = EZTip;
			productReference = E742FB4B2208A52000B731CF /* Tippr.app */;
			productType = "com.apple.product-type.application";
		};
/* End PBXNativeTarget section */

/* Begin PBXProject section */
		E742FB432208A52000B731CF /* Project object */ = {
			isa = PBXProject;
			attributes = {
				LastSwiftUpdateCheck = 1010;
				LastUpgradeCheck = 1010;
				ORGANIZATIONNAME = "Cameron Dunn";
				TargetAttributes = {
					E742FB4A2208A52000B731CF = {
						CreatedOnToolsVersion = 10.1;
					};
				};
			};
			buildConfigurationList = E742FB462208A52000B731CF /* Build configuration list for PBXProject "Tippr" */;
			compatibilityVersion = "Xcode 9.3";
			developmentRegion = en;
			hasScannedForEncodings = 0;
			knownRegions = (
				en,
				Base,
			);
			mainGroup = E742FB422208A52000B731CF;
			productRefGroup = E742FB4C2208A52000B731CF /* Products */;
			projectDirPath = "";
			projectRoot = "";
			targets = (
				E742FB4A2208A52000B731CF /* Tippr */,
			);
		};
/* End PBXProject section */

/* Begin PBXResourcesBuildPhase section */
		E742FB492208A52000B731CF /* Resources */ = {
			isa = PBXResourcesBuildPhase;
			buildActionMask = 2147483647;
			files = (
				E742FB592208A52100B731CF /* LaunchScreen.storyboard in Resources */,
				E742FB562208A52100B731CF /* Assets.xcassets in Resources */,
				E742FB542208A52000B731CF /* Main.storyboard in Resources */,
				E742FB702209026800B731CF /* Raleway-Bold.ttf in Resources */,
				E742FB632208A63600B731CF /* SourceSansPro-Light.ttf in Resources */,
			);
			runOnlyForDeploymentPostprocessing = 0;
		};
/* End PBXResourcesBuildPhase section */

/* Begin PBXSourcesBuildPhase section */
		E742FB472208A52000B731CF /* Sources */ = {
			isa = PBXSourcesBuildPhase;
			buildActionMask = 2147483647;
			files = (
				E742FB76220A0E1000B731CF /* TipTableViewCell.swift in Sources */,
				E7197864220CCF5600CCB059 /* APIObjects.swift in Sources */,
				E742FB6E2208C8B900B731CF /* ProfileViewController.swift in Sources */,
				E742FB6B2208C88600B731CF /* ProfileCompletionViewController.swift in Sources */,
				E742FB672208B95400B731CF /* LoginViewController.swift in Sources */,
				E742FB512208A52000B731CF /* ViewController.swift in Sources */,
				E742FB72220A0D5200B731CF /* RecentTipsViewController.swift in Sources */,
				E7197866220CD12C00CCB059 /* Controller.swift in Sources */,
				E742FB692208B99700B731CF /* SignupViewController.swift in Sources */,
				E73E62AE220D78800097E322 /* WorkerTableViewCell.swift in Sources */,
				E742FB4F2208A52000B731CF /* AppDelegate.swift in Sources */,
				E742FB7E220A33CA00B731CF /* SendingTipDetailViewController.swift in Sources */,
				E742FB7C220A339400B731CF /* TipViewController.swift in Sources */,
				E742FB74220A0D7E00B731CF /* TipDetailViewController.swift in Sources */,
				E7197862220B49B300CCB059 /* SettingsViewController.swift in Sources */,
			);
			runOnlyForDeploymentPostprocessing = 0;
		};
/* End PBXSourcesBuildPhase section */

/* Begin PBXVariantGroup section */
		E742FB522208A52000B731CF /* Main.storyboard */ = {
			isa = PBXVariantGroup;
			children = (
				E742FB532208A52000B731CF /* Base */,
			);
			name = Main.storyboard;
			sourceTree = "<group>";
		};
		E742FB572208A52100B731CF /* LaunchScreen.storyboard */ = {
			isa = PBXVariantGroup;
			children = (
				E742FB582208A52100B731CF /* Base */,
			);
			name = LaunchScreen.storyboard;
			sourceTree = "<group>";
		};
/* End PBXVariantGroup section */

/* Begin XCBuildConfiguration section */
		E742FB5B2208A52100B731CF /* Debug */ = {
			isa = XCBuildConfiguration;
			buildSettings = {
				ALWAYS_SEARCH_USER_PATHS = NO;
				CLANG_ANALYZER_NONNULL = YES;
				CLANG_ANALYZER_NUMBER_OBJECT_CONVERSION = YES_AGGRESSIVE;
				CLANG_CXX_LANGUAGE_STANDARD = "gnu++14";
				CLANG_CXX_LIBRARY = "libc++";
				CLANG_ENABLE_MODULES = YES;
				CLANG_ENABLE_OBJC_ARC = YES;
				CLANG_ENABLE_OBJC_WEAK = YES;
				CLANG_WARN_BLOCK_CAPTURE_AUTORELEASING = YES;
				CLANG_WARN_BOOL_CONVERSION = YES;
				CLANG_WARN_COMMA = YES;
				CLANG_WARN_CONSTANT_CONVERSION = YES;
				CLANG_WARN_DEPRECATED_OBJC_IMPLEMENTATIONS = YES;
				CLANG_WARN_DIRECT_OBJC_ISA_USAGE = YES_ERROR;
				CLANG_WARN_DOCUMENTATION_COMMENTS = YES;
				CLANG_WARN_EMPTY_BODY = YES;
				CLANG_WARN_ENUM_CONVERSION = YES;
				CLANG_WARN_INFINITE_RECURSION = YES;
				CLANG_WARN_INT_CONVERSION = YES;
				CLANG_WARN_NON_LITERAL_NULL_CONVERSION = YES;
				CLANG_WARN_OBJC_IMPLICIT_RETAIN_SELF = YES;
				CLANG_WARN_OBJC_LITERAL_CONVERSION = YES;
				CLANG_WARN_OBJC_ROOT_CLASS = YES_ERROR;
				CLANG_WARN_RANGE_LOOP_ANALYSIS = YES;
				CLANG_WARN_STRICT_PROTOTYPES = YES;
				CLANG_WARN_SUSPICIOUS_MOVE = YES;
				CLANG_WARN_UNGUARDED_AVAILABILITY = YES_AGGRESSIVE;
				CLANG_WARN_UNREACHABLE_CODE = YES;
				CLANG_WARN__DUPLICATE_METHOD_MATCH = YES;
				CODE_SIGN_IDENTITY = "iPhone Developer";
				COPY_PHASE_STRIP = NO;
				DEBUG_INFORMATION_FORMAT = dwarf;
				ENABLE_STRICT_OBJC_MSGSEND = YES;
				ENABLE_TESTABILITY = YES;
				GCC_C_LANGUAGE_STANDARD = gnu11;
				GCC_DYNAMIC_NO_PIC = NO;
				GCC_NO_COMMON_BLOCKS = YES;
				GCC_OPTIMIZATION_LEVEL = 0;
				GCC_PREPROCESSOR_DEFINITIONS = (
					"DEBUG=1",
					"$(inherited)",
				);
				GCC_WARN_64_TO_32_BIT_CONVERSION = YES;
				GCC_WARN_ABOUT_RETURN_TYPE = YES_ERROR;
				GCC_WARN_UNDECLARED_SELECTOR = YES;
				GCC_WARN_UNINITIALIZED_AUTOS = YES_AGGRESSIVE;
				GCC_WARN_UNUSED_FUNCTION = YES;
				GCC_WARN_UNUSED_VARIABLE = YES;
				IPHONEOS_DEPLOYMENT_TARGET = 12.1;
				MTL_ENABLE_DEBUG_INFO = INCLUDE_SOURCE;
				MTL_FAST_MATH = YES;
				ONLY_ACTIVE_ARCH = YES;
				SDKROOT = iphoneos;
				SWIFT_ACTIVE_COMPILATION_CONDITIONS = DEBUG;
				SWIFT_OPTIMIZATION_LEVEL = "-Onone";
			};
			name = Debug;
		};
		E742FB5C2208A52100B731CF /* Release */ = {
			isa = XCBuildConfiguration;
			buildSettings = {
				ALWAYS_SEARCH_USER_PATHS = NO;
				CLANG_ANALYZER_NONNULL = YES;
				CLANG_ANALYZER_NUMBER_OBJECT_CONVERSION = YES_AGGRESSIVE;
				CLANG_CXX_LANGUAGE_STANDARD = "gnu++14";
				CLANG_CXX_LIBRARY = "libc++";
				CLANG_ENABLE_MODULES = YES;
				CLANG_ENABLE_OBJC_ARC = YES;
				CLANG_ENABLE_OBJC_WEAK = YES;
				CLANG_WARN_BLOCK_CAPTURE_AUTORELEASING = YES;
				CLANG_WARN_BOOL_CONVERSION = YES;
				CLANG_WARN_COMMA = YES;
				CLANG_WARN_CONSTANT_CONVERSION = YES;
				CLANG_WARN_DEPRECATED_OBJC_IMPLEMENTATIONS = YES;
				CLANG_WARN_DIRECT_OBJC_ISA_USAGE = YES_ERROR;
				CLANG_WARN_DOCUMENTATION_COMMENTS = YES;
				CLANG_WARN_EMPTY_BODY = YES;
				CLANG_WARN_ENUM_CONVERSION = YES;
				CLANG_WARN_INFINITE_RECURSION = YES;
				CLANG_WARN_INT_CONVERSION = YES;
				CLANG_WARN_NON_LITERAL_NULL_CONVERSION = YES;
				CLANG_WARN_OBJC_IMPLICIT_RETAIN_SELF = YES;
				CLANG_WARN_OBJC_LITERAL_CONVERSION = YES;
				CLANG_WARN_OBJC_ROOT_CLASS = YES_ERROR;
				CLANG_WARN_RANGE_LOOP_ANALYSIS = YES;
				CLANG_WARN_STRICT_PROTOTYPES = YES;
				CLANG_WARN_SUSPICIOUS_MOVE = YES;
				CLANG_WARN_UNGUARDED_AVAILABILITY = YES_AGGRESSIVE;
				CLANG_WARN_UNREACHABLE_CODE = YES;
				CLANG_WARN__DUPLICATE_METHOD_MATCH = YES;
				CODE_SIGN_IDENTITY = "iPhone Developer";
				COPY_PHASE_STRIP = NO;
				DEBUG_INFORMATION_FORMAT = "dwarf-with-dsym";
				ENABLE_NS_ASSERTIONS = NO;
				ENABLE_STRICT_OBJC_MSGSEND = YES;
				GCC_C_LANGUAGE_STANDARD = gnu11;
				GCC_NO_COMMON_BLOCKS = YES;
				GCC_WARN_64_TO_32_BIT_CONVERSION = YES;
				GCC_WARN_ABOUT_RETURN_TYPE = YES_ERROR;
				GCC_WARN_UNDECLARED_SELECTOR = YES;
				GCC_WARN_UNINITIALIZED_AUTOS = YES_AGGRESSIVE;
				GCC_WARN_UNUSED_FUNCTION = YES;
				GCC_WARN_UNUSED_VARIABLE = YES;
				IPHONEOS_DEPLOYMENT_TARGET = 12.1;
				MTL_ENABLE_DEBUG_INFO = NO;
				MTL_FAST_MATH = YES;
				SDKROOT = iphoneos;
				SWIFT_COMPILATION_MODE = wholemodule;
				SWIFT_OPTIMIZATION_LEVEL = "-O";
				VALIDATE_PRODUCT = YES;
			};
			name = Release;
		};
		E742FB5E2208A52100B731CF /* Debug */ = {
			isa = XCBuildConfiguration;
			buildSettings = {
				ASSETCATALOG_COMPILER_APPICON_NAME = AppIcon;
				CODE_SIGN_STYLE = Automatic;
				DEVELOPMENT_TEAM = TZ89Q545VW;
				INFOPLIST_FILE = "$(SRCROOT)/Tippr/Info.plist";
				LD_RUNPATH_SEARCH_PATHS = (
					"$(inherited)",
					"@executable_path/Frameworks",
				);
				PRODUCT_BUNDLE_IDENTIFIER = CameronDunn.EZTip;
				PRODUCT_NAME = "$(TARGET_NAME)";
				SWIFT_VERSION = 4.2;
				TARGETED_DEVICE_FAMILY = "1,2";
			};
			name = Debug;
		};
		E742FB5F2208A52100B731CF /* Release */ = {
			isa = XCBuildConfiguration;
			buildSettings = {
				ASSETCATALOG_COMPILER_APPICON_NAME = AppIcon;
				CODE_SIGN_STYLE = Automatic;
				DEVELOPMENT_TEAM = TZ89Q545VW;
				INFOPLIST_FILE = "$(SRCROOT)/Tippr/Info.plist";
				LD_RUNPATH_SEARCH_PATHS = (
					"$(inherited)",
					"@executable_path/Frameworks",
				);
				PRODUCT_BUNDLE_IDENTIFIER = CameronDunn.EZTip;
				PRODUCT_NAME = "$(TARGET_NAME)";
				SWIFT_VERSION = 4.2;
				TARGETED_DEVICE_FAMILY = "1,2";
			};
			name = Release;
		};
/* End XCBuildConfiguration section */

/* Begin XCConfigurationList section */
		E742FB462208A52000B731CF /* Build configuration list for PBXProject "Tippr" */ = {
			isa = XCConfigurationList;
			buildConfigurations = (
				E742FB5B2208A52100B731CF /* Debug */,
				E742FB5C2208A52100B731CF /* Release */,
			);
			defaultConfigurationIsVisible = 0;
			defaultConfigurationName = Release;
		};
		E742FB5D2208A52100B731CF /* Build configuration list for PBXNativeTarget "Tippr" */ = {
			isa = XCConfigurationList;
			buildConfigurations = (
				E742FB5E2208A52100B731CF /* Debug */,
				E742FB5F2208A52100B731CF /* Release */,
			);
			defaultConfigurationIsVisible = 0;
			defaultConfigurationName = Release;
		};
/* End XCConfigurationList section */
	};
	rootObject = E742FB432208A52000B731CF /* Project object */;
}
